
Microsoft Visual Studio Solution File, Format Version 12.00
# Visual Studio Version 16
VisualStudioVersion = 16.0.31321.278
MinimumVisualStudioVersion = 10.0.40219.1
Project("{888888A0-9F3D-457C-B088-3A5042F75D52}") = "KZP_Lab8", "KZP_Lab8.pyproj", "{C57517E2-C4F3-4B56-B88F-00314B5C3AFB}"
EndProject
Global
	GlobalSection(SolutionConfigurationPlatforms) = preSolution
		Debug|Any CPU = Debug|Any CPU
		Release|Any CPU = Release|Any CPU
	EndGlobalSection
	GlobalSection(ProjectConfigurationPlatforms) = postSolution
		{C57517E2-C4F3-4B56-B88F-00314B5C3AFB}.Debug|Any CPU.ActiveCfg = Debug|Any CPU
		{C57517E2-C4F3-4B56-B88F-00314B5C3AFB}.Release|Any CPU.ActiveCfg = Release|Any CPU
	EndGlobalSection
	GlobalSection(SolutionProperties) = preSolution
		HideSolutionNode = FALSE
	EndGlobalSection
	GlobalSection(ExtensibilityGlobals) = postSolution
		SolutionGuid = {5F366821-5279-44A8-8356-856007F2F838}
	EndGlobalSection
EndGlobal
